// !$*UTF8*$!
{
	archiveVersion = 1;
	classes = {
	};
	objectVersion = 56;
	objects = {

/* Begin PBXBuildFile section */
		0A087A27296E5C6B00F727B2 /* UIView+PinnedSubview.swift in Sources */ = {isa = PBXBuildFile; fileRef = 0A087A26296E5C6B00F727B2 /* UIView+PinnedSubview.swift */; };
		0A087A29296E5E0600F727B2 /* TextFieldContentView.swift in Sources */ = {isa = PBXBuildFile; fileRef = 0A087A28296E5E0600F727B2 /* TextFieldContentView.swift */; };
		0A28D758293310A500E2ADA0 /* AppDelegate.swift in Sources */ = {isa = PBXBuildFile; fileRef = 0A28D757293310A500E2ADA0 /* AppDelegate.swift */; };
		0A28D75A293310A500E2ADA0 /* SceneDelegate.swift in Sources */ = {isa = PBXBuildFile; fileRef = 0A28D759293310A500E2ADA0 /* SceneDelegate.swift */; };
		0A28D75C293310A500E2ADA0 /* ReminderListViewController.swift in Sources */ = {isa = PBXBuildFile; fileRef = 0A28D75B293310A500E2ADA0 /* ReminderListViewController.swift */; };
		0A28D75F293310A500E2ADA0 /* Main.storyboard in Resources */ = {isa = PBXBuildFile; fileRef = 0A28D75D293310A500E2ADA0 /* Main.storyboard */; };
		0A28D761293310A900E2ADA0 /* Assets.xcassets in Resources */ = {isa = PBXBuildFile; fileRef = 0A28D760293310A900E2ADA0 /* Assets.xcassets */; };
		0A28D764293310A900E2ADA0 /* LaunchScreen.storyboard in Resources */ = {isa = PBXBuildFile; fileRef = 0A28D762293310A900E2ADA0 /* LaunchScreen.storyboard */; };
		0A28D76D2933199700E2ADA0 /* Reminder.swift in Sources */ = {isa = PBXBuildFile; fileRef = 0A28D76C2933199700E2ADA0 /* Reminder.swift */; };
		0A2DD5AA293EE3A00004999F /* ReminderDoneButton.swift in Sources */ = {isa = PBXBuildFile; fileRef = 0A2DD5A9293EE3A00004999F /* ReminderDoneButton.swift */; };
		0A2DD5AC293EE5220004999F /* ReminderListViewController+Actions.swift in Sources */ = {isa = PBXBuildFile; fileRef = 0A2DD5AB293EE5220004999F /* ReminderListViewController+Actions.swift */; };
		0A4DDB0E2937EAB900BA3EA1 /* Date+Today.swift in Sources */ = {isa = PBXBuildFile; fileRef = 0A4DDB0D2937EAB900BA3EA1 /* Date+Today.swift */; };
		0A4DDB102937EB0B00BA3EA1 /* UIColor+Today.swift in Sources */ = {isa = PBXBuildFile; fileRef = 0A4DDB0F2937EB0B00BA3EA1 /* UIColor+Today.swift */; };
		0A4DDB132937F44300BA3EA1 /* ReminderListViewController+DataSource.swift in Sources */ = {isa = PBXBuildFile; fileRef = 0A4DDB122937F44300BA3EA1 /* ReminderListViewController+DataSource.swift */; };
		0A7BC80329418A9A006B444F /* ReminderViewController.swift in Sources */ = {isa = PBXBuildFile; fileRef = 0A7BC80229418A9A006B444F /* ReminderViewController.swift */; };
		0A7BC80629418E2D006B444F /* ReminderViewController+Row.swift in Sources */ = {isa = PBXBuildFile; fileRef = 0A7BC80529418E2D006B444F /* ReminderViewController+Row.swift */; };
		0AB9E981294AD28C0002050A /* ReminderViewController+CellConfiguration.swift in Sources */ = {isa = PBXBuildFile; fileRef = 0AB9E980294AD28C0002050A /* ReminderViewController+CellConfiguration.swift */; };
		0AEC107F2946C8FF00650263 /* ReminderViewController+Section.swift in Sources */ = {isa = PBXBuildFile; fileRef = 0AEC107E2946C8FF00650263 /* ReminderViewController+Section.swift */; };
/* End PBXBuildFile section */

/* Begin PBXFileReference section */
		0A087A26296E5C6B00F727B2 /* UIView+PinnedSubview.swift */ = {isa = PBXFileReference; lastKnownFileType = sourcecode.swift; path = "UIView+PinnedSubview.swift"; sourceTree = "<group>"; };
		0A087A28296E5E0600F727B2 /* TextFieldContentView.swift */ = {isa = PBXFileReference; lastKnownFileType = sourcecode.swift; path = TextFieldContentView.swift; sourceTree = "<group>"; };
		0A28D754293310A500E2ADA0 /* Today.app */ = {isa = PBXFileReference; explicitFileType = wrapper.application; includeInIndex = 0; path = Today.app; sourceTree = BUILT_PRODUCTS_DIR; };
		0A28D757293310A500E2ADA0 /* AppDelegate.swift */ = {isa = PBXFileReference; lastKnownFileType = sourcecode.swift; path = AppDelegate.swift; sourceTree = "<group>"; };
		0A28D759293310A500E2ADA0 /* SceneDelegate.swift */ = {isa = PBXFileReference; lastKnownFileType = sourcecode.swift; path = SceneDelegate.swift; sourceTree = "<group>"; };
		0A28D75B293310A500E2ADA0 /* ReminderListViewController.swift */ = {isa = PBXFileReference; lastKnownFileType = sourcecode.swift; path = ReminderListViewController.swift; sourceTree = "<group>"; };
		0A28D75E293310A500E2ADA0 /* Base */ = {isa = PBXFileReference; lastKnownFileType = file.storyboard; name = Base; path = Base.lproj/Main.storyboard; sourceTree = "<group>"; };
		0A28D760293310A900E2ADA0 /* Assets.xcassets */ = {isa = PBXFileReference; lastKnownFileType = folder.assetcatalog; path = Assets.xcassets; sourceTree = "<group>"; };
		0A28D763293310A900E2ADA0 /* Base */ = {isa = PBXFileReference; lastKnownFileType = file.storyboard; name = Base; path = Base.lproj/LaunchScreen.storyboard; sourceTree = "<group>"; };
		0A28D765293310A900E2ADA0 /* Info.plist */ = {isa = PBXFileReference; lastKnownFileType = text.plist.xml; path = Info.plist; sourceTree = "<group>"; };
		0A28D76C2933199700E2ADA0 /* Reminder.swift */ = {isa = PBXFileReference; lastKnownFileType = sourcecode.swift; path = Reminder.swift; sourceTree = "<group>"; };
		0A2DD5A9293EE3A00004999F /* ReminderDoneButton.swift */ = {isa = PBXFileReference; lastKnownFileType = sourcecode.swift; path = ReminderDoneButton.swift; sourceTree = "<group>"; };
		0A2DD5AB293EE5220004999F /* ReminderListViewController+Actions.swift */ = {isa = PBXFileReference; lastKnownFileType = sourcecode.swift; path = "ReminderListViewController+Actions.swift"; sourceTree = "<group>"; };
		0A4DDB0D2937EAB900BA3EA1 /* Date+Today.swift */ = {isa = PBXFileReference; lastKnownFileType = sourcecode.swift; path = "Date+Today.swift"; sourceTree = "<group>"; };
		0A4DDB0F2937EB0B00BA3EA1 /* UIColor+Today.swift */ = {isa = PBXFileReference; fileEncoding = 4; lastKnownFileType = sourcecode.swift; path = "UIColor+Today.swift"; sourceTree = "<group>"; };
		0A4DDB122937F44300BA3EA1 /* ReminderListViewController+DataSource.swift */ = {isa = PBXFileReference; lastKnownFileType = sourcecode.swift; path = "ReminderListViewController+DataSource.swift"; sourceTree = "<group>"; };
		0A7BC80229418A9A006B444F /* ReminderViewController.swift */ = {isa = PBXFileReference; lastKnownFileType = sourcecode.swift; path = ReminderViewController.swift; sourceTree = "<group>"; };
		0A7BC80529418E2D006B444F /* ReminderViewController+Row.swift */ = {isa = PBXFileReference; lastKnownFileType = sourcecode.swift; path = "ReminderViewController+Row.swift"; sourceTree = "<group>"; };
		0AB9E980294AD28C0002050A /* ReminderViewController+CellConfiguration.swift */ = {isa = PBXFileReference; lastKnownFileType = sourcecode.swift; path = "ReminderViewController+CellConfiguration.swift"; sourceTree = "<group>"; };
		0AEC107E2946C8FF00650263 /* ReminderViewController+Section.swift */ = {isa = PBXFileReference; lastKnownFileType = sourcecode.swift; path = "ReminderViewController+Section.swift"; sourceTree = "<group>"; };
/* End PBXFileReference section */

/* Begin PBXFrameworksBuildPhase section */
		0A28D751293310A500E2ADA0 /* Frameworks */ = {
			isa = PBXFrameworksBuildPhase;
			buildActionMask = 2147483647;
			files = (
			);
			runOnlyForDeploymentPostprocessing = 0;
		};
/* End PBXFrameworksBuildPhase section */

/* Begin PBXGroup section */
		0A087A25296E5C3D00F727B2 /* ContentViews */ = {
			isa = PBXGroup;
			children = (
				0A087A26296E5C6B00F727B2 /* UIView+PinnedSubview.swift */,
				0A087A28296E5E0600F727B2 /* TextFieldContentView.swift */,
			);
			path = ContentViews;
			sourceTree = "<group>";
		};
		0A28D74B293310A500E2ADA0 = {
			isa = PBXGroup;
			children = (
				0A28D756293310A500E2ADA0 /* Today */,
				0A28D755293310A500E2ADA0 /* Products */,
			);
			sourceTree = "<group>";
		};
		0A28D755293310A500E2ADA0 /* Products */ = {
			isa = PBXGroup;
			children = (
				0A28D754293310A500E2ADA0 /* Today.app */,
			);
			name = Products;
			sourceTree = "<group>";
		};
		0A28D756293310A500E2ADA0 /* Today */ = {
			isa = PBXGroup;
			children = (
				0A28D76B2933196700E2ADA0 /* Models */,
				0A28D757293310A500E2ADA0 /* AppDelegate.swift */,
				0A28D759293310A500E2ADA0 /* SceneDelegate.swift */,
				0A087A25296E5C3D00F727B2 /* ContentViews */,
				0A4DDB112937F41500BA3EA1 /* ListViewController */,
				0A7BC80429418E0C006B444F /* DetailViewController */,
				0A28D75D293310A500E2ADA0 /* Main.storyboard */,
				0A28D760293310A900E2ADA0 /* Assets.xcassets */,
				0A28D762293310A900E2ADA0 /* LaunchScreen.storyboard */,
				0A28D765293310A900E2ADA0 /* Info.plist */,
			);
			path = Today;
			sourceTree = "<group>";
		};
		0A28D76B2933196700E2ADA0 /* Models */ = {
			isa = PBXGroup;
			children = (
				0A4DDB0D2937EAB900BA3EA1 /* Date+Today.swift */,
				0A28D76C2933199700E2ADA0 /* Reminder.swift */,
				0A4DDB0F2937EB0B00BA3EA1 /* UIColor+Today.swift */,
			);
			path = Models;
			sourceTree = "<group>";
		};
		0A4DDB112937F41500BA3EA1 /* ListViewController */ = {
			isa = PBXGroup;
			children = (
				0A2DD5A9293EE3A00004999F /* ReminderDoneButton.swift */,
				0A28D75B293310A500E2ADA0 /* ReminderListViewController.swift */,
				0A2DD5AB293EE5220004999F /* ReminderListViewController+Actions.swift */,
				0A4DDB122937F44300BA3EA1 /* ReminderListViewController+DataSource.swift */,
			);
			path = ListViewController;
			sourceTree = "<group>";
		};
		0A7BC80429418E0C006B444F /* DetailViewController */ = {
			isa = PBXGroup;
			children = (
				0A7BC80229418A9A006B444F /* ReminderViewController.swift */,
				0AB9E980294AD28C0002050A /* ReminderViewController+CellConfiguration.swift */,
				0A7BC80529418E2D006B444F /* ReminderViewController+Row.swift */,
				0AEC107E2946C8FF00650263 /* ReminderViewController+Section.swift */,
			);
			path = DetailViewController;
			sourceTree = "<group>";
		};
/* End PBXGroup section */

/* Begin PBXNativeTarget section */
		0A28D753293310A500E2ADA0 /* Today */ = {
			isa = PBXNativeTarget;
			buildConfigurationList = 0A28D768293310A900E2ADA0 /* Build configuration list for PBXNativeTarget "Today" */;
			buildPhases = (
				0A28D750293310A500E2ADA0 /* Sources */,
				0A28D751293310A500E2ADA0 /* Frameworks */,
				0A28D752293310A500E2ADA0 /* Resources */,
			);
			buildRules = (
			);
			dependencies = (
			);
			name = Today;
			productName = Today;
			productReference = 0A28D754293310A500E2ADA0 /* Today.app */;
			productType = "com.apple.product-type.application";
		};
/* End PBXNativeTarget section */

/* Begin PBXProject section */
		0A28D74C293310A500E2ADA0 /* Project object */ = {
			isa = PBXProject;
			attributes = {
				BuildIndependentTargetsInParallel = 1;
				LastSwiftUpdateCheck = 1410;
				LastUpgradeCheck = 1410;
				TargetAttributes = {
					0A28D753293310A500E2ADA0 = {
						CreatedOnToolsVersion = 14.1;
					};
				};
			};
			buildConfigurationList = 0A28D74F293310A500E2ADA0 /* Build configuration list for PBXProject "Today" */;
			compatibilityVersion = "Xcode 14.0";
			developmentRegion = en;
			hasScannedForEncodings = 0;
			knownRegions = (
				en,
				Base,
			);
			mainGroup = 0A28D74B293310A500E2ADA0;
			productRefGroup = 0A28D755293310A500E2ADA0 /* Products */;
			projectDirPath = "";
			projectRoot = "";
			targets = (
				0A28D753293310A500E2ADA0 /* Today */,
			);
		};
/* End PBXProject section */

/* Begin PBXResourcesBuildPhase section */
		0A28D752293310A500E2ADA0 /* Resources */ = {
			isa = PBXResourcesBuildPhase;
			buildActionMask = 2147483647;
			files = (
				0A28D764293310A900E2ADA0 /* LaunchScreen.storyboard in Resources */,
				0A28D761293310A900E2ADA0 /* Assets.xcassets in Resources */,
				0A28D75F293310A500E2ADA0 /* Main.storyboard in Resources */,
			);
			runOnlyForDeploymentPostprocessing = 0;
		};
/* End PBXResourcesBuildPhase section */

/* Begin PBXSourcesBuildPhase section */
		0A28D750293310A500E2ADA0 /* Sources */ = {
			isa = PBXSourcesBuildPhase;
			buildActionMask = 2147483647;
			files = (
				0A087A27296E5C6B00F727B2 /* UIView+PinnedSubview.swift in Sources */,
				0AEC107F2946C8FF00650263 /* ReminderViewController+Section.swift in Sources */,
				0A28D75C293310A500E2ADA0 /* ReminderListViewController.swift in Sources */,
				0A2DD5AC293EE5220004999F /* ReminderListViewController+Actions.swift in Sources */,
				0A7BC80329418A9A006B444F /* ReminderViewController.swift in Sources */,
				0A4DDB0E2937EAB900BA3EA1 /* Date+Today.swift in Sources */,
				0AB9E981294AD28C0002050A /* ReminderViewController+CellConfiguration.swift in Sources */,
				0A087A29296E5E0600F727B2 /* TextFieldContentView.swift in Sources */,
				0A28D758293310A500E2ADA0 /* AppDelegate.swift in Sources */,
				0A7BC80629418E2D006B444F /* ReminderViewController+Row.swift in Sources */,
				0A2DD5AA293EE3A00004999F /* ReminderDoneButton.swift in Sources */,
				0A28D75A293310A500E2ADA0 /* SceneDelegate.swift in Sources */,
				0A4DDB132937F44300BA3EA1 /* ReminderListViewController+DataSource.swift in Sources */,
				0A28D76D2933199700E2ADA0 /* Reminder.swift in Sources */,
				0A4DDB102937EB0B00BA3EA1 /* UIColor+Today.swift in Sources */,
			);
			runOnlyForDeploymentPostprocessing = 0;
		};
/* End PBXSourcesBuildPhase section */

/* Begin PBXVariantGroup section */
		0A28D75D293310A500E2ADA0 /* Main.storyboard */ = {
			isa = PBXVariantGroup;
			children = (
				0A28D75E293310A500E2ADA0 /* Base */,
			);
			name = Main.storyboard;
			sourceTree = "<group>";
		};
		0A28D762293310A900E2ADA0 /* LaunchScreen.storyboard */ = {
			isa = PBXVariantGroup;
			children = (
				0A28D763293310A900E2ADA0 /* Base */,
			);
			name = LaunchScreen.storyboard;
			sourceTree = "<group>";
		};
/* End PBXVariantGroup section */

/* Begin XCBuildConfiguration section */
		0A28D766293310A900E2ADA0 /* Debug */ = {
			isa = XCBuildConfiguration;
			buildSettings = {
				ALWAYS_SEARCH_USER_PATHS = NO;
				CLANG_ANALYZER_NONNULL = YES;
				CLANG_ANALYZER_NUMBER_OBJECT_CONVERSION = YES_AGGRESSIVE;
				CLANG_CXX_LANGUAGE_STANDARD = "gnu++20";
				CLANG_ENABLE_MODULES = YES;
				CLANG_ENABLE_OBJC_ARC = YES;
				CLANG_ENABLE_OBJC_WEAK = YES;
				CLANG_WARN_BLOCK_CAPTURE_AUTORELEASING = YES;
				CLANG_WARN_BOOL_CONVERSION = YES;
				CLANG_WARN_COMMA = YES;
				CLANG_WARN_CONSTANT_CONVERSION = YES;
				CLANG_WARN_DEPRECATED_OBJC_IMPLEMENTATIONS = YES;
				CLANG_WARN_DIRECT_OBJC_ISA_USAGE = YES_ERROR;
				CLANG_WARN_DOCUMENTATION_COMMENTS = YES;
				CLANG_WARN_EMPTY_BODY = YES;
				CLANG_WARN_ENUM_CONVERSION = YES;
				CLANG_WARN_INFINITE_RECURSION = YES;
				CLANG_WARN_INT_CONVERSION = YES;
				CLANG_WARN_NON_LITERAL_NULL_CONVERSION = YES;
				CLANG_WARN_OBJC_IMPLICIT_RETAIN_SELF = YES;
				CLANG_WARN_OBJC_LITERAL_CONVERSION = YES;
				CLANG_WARN_OBJC_ROOT_CLASS = YES_ERROR;
				CLANG_WARN_QUOTED_INCLUDE_IN_FRAMEWORK_HEADER = YES;
				CLANG_WARN_RANGE_LOOP_ANALYSIS = YES;
				CLANG_WARN_STRICT_PROTOTYPES = YES;
				CLANG_WARN_SUSPICIOUS_MOVE = YES;
				CLANG_WARN_UNGUARDED_AVAILABILITY = YES_AGGRESSIVE;
				CLANG_WARN_UNREACHABLE_CODE = YES;
				CLANG_WARN__DUPLICATE_METHOD_MATCH = YES;
				COPY_PHASE_STRIP = NO;
				DEBUG_INFORMATION_FORMAT = dwarf;
				ENABLE_STRICT_OBJC_MSGSEND = YES;
				ENABLE_TESTABILITY = YES;
				GCC_C_LANGUAGE_STANDARD = gnu11;
				GCC_DYNAMIC_NO_PIC = NO;
				GCC_NO_COMMON_BLOCKS = YES;
				GCC_OPTIMIZATION_LEVEL = 0;
				GCC_PREPROCESSOR_DEFINITIONS = (
					"DEBUG=1",
					"$(inherited)",
				);
				GCC_WARN_64_TO_32_BIT_CONVERSION = YES;
				GCC_WARN_ABOUT_RETURN_TYPE = YES_ERROR;
				GCC_WARN_UNDECLARED_SELECTOR = YES;
				GCC_WARN_UNINITIALIZED_AUTOS = YES_AGGRESSIVE;
				GCC_WARN_UNUSED_FUNCTION = YES;
				GCC_WARN_UNUSED_VARIABLE = YES;
				IPHONEOS_DEPLOYMENT_TARGET = 16.1;
				MTL_ENABLE_DEBUG_INFO = INCLUDE_SOURCE;
				MTL_FAST_MATH = YES;
				ONLY_ACTIVE_ARCH = YES;
				SDKROOT = iphoneos;
				SWIFT_ACTIVE_COMPILATION_CONDITIONS = DEBUG;
				SWIFT_OPTIMIZATION_LEVEL = "-Onone";
			};
			name = Debug;
		};
		0A28D767293310A900E2ADA0 /* Release */ = {
			isa = XCBuildConfiguration;
			buildSettings = {
				ALWAYS_SEARCH_USER_PATHS = NO;
				CLANG_ANALYZER_NONNULL = YES;
				CLANG_ANALYZER_NUMBER_OBJECT_CONVERSION = YES_AGGRESSIVE;
				CLANG_CXX_LANGUAGE_STANDARD = "gnu++20";
				CLANG_ENABLE_MODULES = YES;
				CLANG_ENABLE_OBJC_ARC = YES;
				CLANG_ENABLE_OBJC_WEAK = YES;
				CLANG_WARN_BLOCK_CAPTURE_AUTORELEASING = YES;
				CLANG_WARN_BOOL_CONVERSION = YES;
				CLANG_WARN_COMMA = YES;
				CLANG_WARN_CONSTANT_CONVERSION = YES;
				CLANG_WARN_DEPRECATED_OBJC_IMPLEMENTATIONS = YES;
				CLANG_WARN_DIRECT_OBJC_ISA_USAGE = YES_ERROR;
				CLANG_WARN_DOCUMENTATION_COMMENTS = YES;
				CLANG_WARN_EMPTY_BODY = YES;
				CLANG_WARN_ENUM_CONVERSION = YES;
				CLANG_WARN_INFINITE_RECURSION = YES;
				CLANG_WARN_INT_CONVERSION = YES;
				CLANG_WARN_NON_LITERAL_NULL_CONVERSION = YES;
				CLANG_WARN_OBJC_IMPLICIT_RETAIN_SELF = YES;
				CLANG_WARN_OBJC_LITERAL_CONVERSION = YES;
				CLANG_WARN_OBJC_ROOT_CLASS = YES_ERROR;
				CLANG_WARN_QUOTED_INCLUDE_IN_FRAMEWORK_HEADER = YES;
				CLANG_WARN_RANGE_LOOP_ANALYSIS = YES;
				CLANG_WARN_STRICT_PROTOTYPES = YES;
				CLANG_WARN_SUSPICIOUS_MOVE = YES;
				CLANG_WARN_UNGUARDED_AVAILABILITY = YES_AGGRESSIVE;
				CLANG_WARN_UNREACHABLE_CODE = YES;
				CLANG_WARN__DUPLICATE_METHOD_MATCH = YES;
				COPY_PHASE_STRIP = NO;
				DEBUG_INFORMATION_FORMAT = "dwarf-with-dsym";
				ENABLE_NS_ASSERTIONS = NO;
				ENABLE_STRICT_OBJC_MSGSEND = YES;
				GCC_C_LANGUAGE_STANDARD = gnu11;
				GCC_NO_COMMON_BLOCKS = YES;
				GCC_WARN_64_TO_32_BIT_CONVERSION = YES;
				GCC_WARN_ABOUT_RETURN_TYPE = YES_ERROR;
				GCC_WARN_UNDECLARED_SELECTOR = YES;
				GCC_WARN_UNINITIALIZED_AUTOS = YES_AGGRESSIVE;
				GCC_WARN_UNUSED_FUNCTION = YES;
				GCC_WARN_UNUSED_VARIABLE = YES;
				IPHONEOS_DEPLOYMENT_TARGET = 16.1;
				MTL_ENABLE_DEBUG_INFO = NO;
				MTL_FAST_MATH = YES;
				SDKROOT = iphoneos;
				SWIFT_COMPILATION_MODE = wholemodule;
				SWIFT_OPTIMIZATION_LEVEL = "-O";
				VALIDATE_PRODUCT = YES;
			};
			name = Release;
		};
		0A28D769293310A900E2ADA0 /* Debug */ = {
			isa = XCBuildConfiguration;
			buildSettings = {
				ASSETCATALOG_COMPILER_APPICON_NAME = AppIcon;
				ASSETCATALOG_COMPILER_GLOBAL_ACCENT_COLOR_NAME = AccentColor;
				CODE_SIGN_STYLE = Automatic;
				CURRENT_PROJECT_VERSION = 1;
				GENERATE_INFOPLIST_FILE = YES;
				INFOPLIST_FILE = Today/Info.plist;
				INFOPLIST_KEY_UIApplicationSupportsIndirectInputEvents = YES;
				INFOPLIST_KEY_UILaunchStoryboardName = LaunchScreen;
				INFOPLIST_KEY_UIMainStoryboardFile = Main;
				INFOPLIST_KEY_UISupportedInterfaceOrientations_iPad = "UIInterfaceOrientationPortrait UIInterfaceOrientationPortraitUpsideDown UIInterfaceOrientationLandscapeLeft UIInterfaceOrientationLandscapeRight";
				INFOPLIST_KEY_UISupportedInterfaceOrientations_iPhone = "UIInterfaceOrientationPortrait UIInterfaceOrientationLandscapeLeft UIInterfaceOrientationLandscapeRight";
				LD_RUNPATH_SEARCH_PATHS = (
					"$(inherited)",
					"@executable_path/Frameworks",
				);
				MARKETING_VERSION = 1.0;
				PRODUCT_BUNDLE_IDENTIFIER = "com.example.apple-samplecode.Today";
				PRODUCT_NAME = "$(TARGET_NAME)";
				SWIFT_EMIT_LOC_STRINGS = YES;
				SWIFT_VERSION = 5.0;
				TARGETED_DEVICE_FAMILY = "1,2";
			};
			name = Debug;
		};
		0A28D76A293310A900E2ADA0 /* Release */ = {
			isa = XCBuildConfiguration;
			buildSettings = {
				ASSETCATALOG_COMPILER_APPICON_NAME = AppIcon;
				ASSETCATALOG_COMPILER_GLOBAL_ACCENT_COLOR_NAME = AccentColor;
				CODE_SIGN_STYLE = Automatic;
				CURRENT_PROJECT_VERSION = 1;
				GENERATE_INFOPLIST_FILE = YES;
				INFOPLIST_FILE = Today/Info.plist;
				INFOPLIST_KEY_UIApplicationSupportsIndirectInputEvents = YES;
				INFOPLIST_KEY_UILaunchStoryboardName = LaunchScreen;
				INFOPLIST_KEY_UIMainStoryboardFile = Main;
				INFOPLIST_KEY_UISupportedInterfaceOrientations_iPad = "UIInterfaceOrientationPortrait UIInterfaceOrientationPortraitUpsideDown UIInterfaceOrientationLandscapeLeft UIInterfaceOrientationLandscapeRight";
				INFOPLIST_KEY_UISupportedInterfaceOrientations_iPhone = "UIInterfaceOrientationPortrait UIInterfaceOrientationLandscapeLeft UIInterfaceOrientationLandscapeRight";
				LD_RUNPATH_SEARCH_PATHS = (
					"$(inherited)",
					"@executable_path/Frameworks",
				);
				MARKETING_VERSION = 1.0;
				PRODUCT_BUNDLE_IDENTIFIER = "com.example.apple-samplecode.Today";
				PRODUCT_NAME = "$(TARGET_NAME)";
				SWIFT_EMIT_LOC_STRINGS = YES;
				SWIFT_VERSION = 5.0;
				TARGETED_DEVICE_FAMILY = "1,2";
			};
			name = Release;
		};
/* End XCBuildConfiguration section */

/* Begin XCConfigurationList section */
		0A28D74F293310A500E2ADA0 /* Build configuration list for PBXProject "Today" */ = {
			isa = XCConfigurationList;
			buildConfigurations = (
				0A28D766293310A900E2ADA0 /* Debug */,
				0A28D767293310A900E2ADA0 /* Release */,
			);
			defaultConfigurationIsVisible = 0;
			defaultConfigurationName = Release;
		};
		0A28D768293310A900E2ADA0 /* Build configuration list for PBXNativeTarget "Today" */ = {
			isa = XCConfigurationList;
			buildConfigurations = (
				0A28D769293310A900E2ADA0 /* Debug */,
				0A28D76A293310A900E2ADA0 /* Release */,
			);
			defaultConfigurationIsVisible = 0;
			defaultConfigurationName = Release;
		};
/* End XCConfigurationList section */
	};
	rootObject = 0A28D74C293310A500E2ADA0 /* Project object */;
}
